
Microsoft Visual Studio Solution File, Format Version 12.00
# Visual Studio Version 17
VisualStudioVersion = 17.0.32112.339
MinimumVisualStudioVersion = 10.0.40219.1
Project("{FAE04EC0-301F-11D3-BF4B-00C04F79EFBC}") = "xadrez-console", "xadrez-console\xadrez-console.csproj", "{F3600842-7B8C-41B8-82D0-92A7FD908913}"
EndProject
Global
	GlobalSection(SolutionConfigurationPlatforms) = preSolution
		Debug|Any CPU = Debug|Any CPU
		Release|Any CPU = Release|Any CPU
	EndGlobalSection
	GlobalSection(ProjectConfigurationPlatforms) = postSolution
		{F3600842-7B8C-41B8-82D0-92A7FD908913}.Debug|Any CPU.ActiveCfg = Debug|Any CPU
		{F3600842-7B8C-41B8-82D0-92A7FD908913}.Debug|Any CPU.Build.0 = Debug|Any CPU
		{F3600842-7B8C-41B8-82D0-92A7FD908913}.Release|Any CPU.ActiveCfg = Release|Any CPU
		{F3600842-7B8C-41B8-82D0-92A7FD908913}.Release|Any CPU.Build.0 = Release|Any CPU
	EndGlobalSection
	GlobalSection(SolutionProperties) = preSolution
		HideSolutionNode = FALSE
	EndGlobalSection
	GlobalSection(ExtensibilityGlobals) = postSolution
		SolutionGuid = {5C7150E5-E9C6-4BDA-BB5C-E75FEE1DA6E5}
	EndGlobalSection
EndGlobal
